
Microsoft Visual Studio Solution File, Format Version 12.00
# Visual Studio Version 16
VisualStudioVersion = 16.0.32929.386
MinimumVisualStudioVersion = 10.0.40219.1
Project("{FAE04EC0-301F-11D3-BF4B-00C04F79EFBC}") = "ХорошоЧтоЯНеПаблоЭскобар18ИПо8284", "ХорошоЧтоЯНеПаблоЭскобар18ИПо8284\ХорошоЧтоЯНеПаблоЭскобар18ИПо8284.csproj", "{1309E0CF-C3FA-4B65-9C41-23239105EC46}"
EndProject
Global
	GlobalSection(SolutionConfigurationPlatforms) = preSolution
		Debug|Any CPU = Debug|Any CPU
		Release|Any CPU = Release|Any CPU
	EndGlobalSection
	GlobalSection(ProjectConfigurationPlatforms) = postSolution
		{1309E0CF-C3FA-4B65-9C41-23239105EC46}.Debug|Any CPU.ActiveCfg = Debug|Any CPU
		{1309E0CF-C3FA-4B65-9C41-23239105EC46}.Debug|Any CPU.Build.0 = Debug|Any CPU
		{1309E0CF-C3FA-4B65-9C41-23239105EC46}.Release|Any CPU.ActiveCfg = Release|Any CPU
		{1309E0CF-C3FA-4B65-9C41-23239105EC46}.Release|Any CPU.Build.0 = Release|Any CPU
	EndGlobalSection
	GlobalSection(SolutionProperties) = preSolution
		HideSolutionNode = FALSE
	EndGlobalSection
	GlobalSection(ExtensibilityGlobals) = postSolution
		SolutionGuid = {F8E7D4A4-3728-4111-9005-F6388BEAE043}
	EndGlobalSection
EndGlobal
